// !$*UTF8*$!
{
	archiveVersion = 1;
	classes = {
	};
	objectVersion = 51;
	objects = {

/* Begin PBXBuildFile section */
		32F455EB078C9582D0061954 /* Pods_games_gamesUITests.framework in Frameworks */ = {isa = PBXBuildFile; fileRef = 4867BAD192580319D7994BA0 /* Pods_games_gamesUITests.framework */; };
		5BC649C934874E9409CC48F6 /* Pods_gamesTests.framework in Frameworks */ = {isa = PBXBuildFile; fileRef = 9858660E838303109BAD051E /* Pods_gamesTests.framework */; };
		5C06EA8CF1A55015DD9CDAE7 /* Pods_games.framework in Frameworks */ = {isa = PBXBuildFile; fileRef = BBF978FD30A1A30E99128E50 /* Pods_games.framework */; };
		F008C4D226062B7F00A5E015 /* ProgressStepBar.swift in Sources */ = {isa = PBXBuildFile; fileRef = F008C4D126062B7F00A5E015 /* ProgressStepBar.swift */; };
		F008C4F62606573A00A5E015 /* GoogleService-Info.plist in Resources */ = {isa = PBXBuildFile; fileRef = F008C4F52606573A00A5E015 /* GoogleService-Info.plist */; };
		F008C50E2606598A00A5E015 /* FirebaseManager.swift in Sources */ = {isa = PBXBuildFile; fileRef = F008C50D2606598A00A5E015 /* FirebaseManager.swift */; };
		F008C52926065FE700A5E015 /* SessionUserDataSource.swift in Sources */ = {isa = PBXBuildFile; fileRef = F008C52826065FE700A5E015 /* SessionUserDataSource.swift */; };
		F008C532260660C900A5E015 /* UserDataSourceProtocol.swift in Sources */ = {isa = PBXBuildFile; fileRef = F008C531260660C900A5E015 /* UserDataSourceProtocol.swift */; };
		F008C537260660D000A5E015 /* UserDataSource.swift in Sources */ = {isa = PBXBuildFile; fileRef = F008C536260660D000A5E015 /* UserDataSource.swift */; };
		F008C53D2606628500A5E015 /* UserRepositoryProtocol.swift in Sources */ = {isa = PBXBuildFile; fileRef = F008C53C2606628500A5E015 /* UserRepositoryProtocol.swift */; };
		F008C5452606628D00A5E015 /* UserRepository.swift in Sources */ = {isa = PBXBuildFile; fileRef = F008C5442606628D00A5E015 /* UserRepository.swift */; };
		F008C54B2606645B00A5E015 /* UserInteractorProtocol.swift in Sources */ = {isa = PBXBuildFile; fileRef = F008C54A2606645B00A5E015 /* UserInteractorProtocol.swift */; };
		F008C5532606646300A5E015 /* UserInteractor.swift in Sources */ = {isa = PBXBuildFile; fileRef = F008C5522606646300A5E015 /* UserInteractor.swift */; };
		F016F8512606122A008623D3 /* QuizScorePresenter.swift in Sources */ = {isa = PBXBuildFile; fileRef = F016F84E2606122A008623D3 /* QuizScorePresenter.swift */; };
		F016F8522606122A008623D3 /* QuizScorePresenterProtocol.swift in Sources */ = {isa = PBXBuildFile; fileRef = F016F84F2606122A008623D3 /* QuizScorePresenterProtocol.swift */; };
		F016F8532606122A008623D3 /* QuizScoreViewController.swift in Sources */ = {isa = PBXBuildFile; fileRef = F016F8502606122A008623D3 /* QuizScoreViewController.swift */; };
		F03A9BC92604DA2100CA8A21 /* MainMenuViewController.swift in Sources */ = {isa = PBXBuildFile; fileRef = F03A9BC82604DA2100CA8A21 /* MainMenuViewController.swift */; };
		F03A9BCF2604DD3400CA8A21 /* MainMenuCell.swift in Sources */ = {isa = PBXBuildFile; fileRef = F03A9BCE2604DD3400CA8A21 /* MainMenuCell.swift */; };
		F03A9BD72604DED300CA8A21 /* MainMenuCoordinator.swift in Sources */ = {isa = PBXBuildFile; fileRef = F03A9BD62604DED300CA8A21 /* MainMenuCoordinator.swift */; };
		F03A9BDF2604DF5B00CA8A21 /* MainMenuDependencies.swift in Sources */ = {isa = PBXBuildFile; fileRef = F03A9BDE2604DF5B00CA8A21 /* MainMenuDependencies.swift */; };
		F03A9BE42604E2F200CA8A21 /* MainMenuPresenter.swift in Sources */ = {isa = PBXBuildFile; fileRef = F03A9BE32604E2F200CA8A21 /* MainMenuPresenter.swift */; };
		F03A9BE92604E30600CA8A21 /* MainMenuPresenterProtocol.swift in Sources */ = {isa = PBXBuildFile; fileRef = F03A9BE82604E30600CA8A21 /* MainMenuPresenterProtocol.swift */; };
		F03A9C102605013C00CA8A21 /* quiz.json in Resources */ = {isa = PBXBuildFile; fileRef = F03A9C0F2605013C00CA8A21 /* quiz.json */; };
		F03A9C24260502A500CA8A21 /* QuizModel.swift in Sources */ = {isa = PBXBuildFile; fileRef = F03A9C23260502A500CA8A21 /* QuizModel.swift */; };
		F03A9C302605073300CA8A21 /* QuizCategoriesViewController.swift in Sources */ = {isa = PBXBuildFile; fileRef = F03A9C2F2605073300CA8A21 /* QuizCategoriesViewController.swift */; };
		F03A9C3C2605083200CA8A21 /* QuizCategoriesCell.swift in Sources */ = {isa = PBXBuildFile; fileRef = F03A9C3B2605083200CA8A21 /* QuizCategoriesCell.swift */; };
		F03A9C4126050A3B00CA8A21 /* QuizCoordinator.swift in Sources */ = {isa = PBXBuildFile; fileRef = F03A9C4026050A3B00CA8A21 /* QuizCoordinator.swift */; };
		F03A9C462605120800CA8A21 /* QuizCategoriesHeaderCell.swift in Sources */ = {isa = PBXBuildFile; fileRef = F03A9C452605120800CA8A21 /* QuizCategoriesHeaderCell.swift */; };
		F03A9C4B260516DE00CA8A21 /* UIView+Style.swift in Sources */ = {isa = PBXBuildFile; fileRef = F03A9C4A260516DE00CA8A21 /* UIView+Style.swift */; };
		F03A9C55260517D300CA8A21 /* QuizCategoriesPresenterProtocol.swift in Sources */ = {isa = PBXBuildFile; fileRef = F03A9C54260517D300CA8A21 /* QuizCategoriesPresenterProtocol.swift */; };
		F03A9C5A260517DD00CA8A21 /* QuizCategoriesPresenter.swift in Sources */ = {isa = PBXBuildFile; fileRef = F03A9C59260517DD00CA8A21 /* QuizCategoriesPresenter.swift */; };
		F03A9C632605196700CA8A21 /* QuizDependencies.swift in Sources */ = {isa = PBXBuildFile; fileRef = F03A9C622605196700CA8A21 /* QuizDependencies.swift */; };
		F03A9C6D2605252F00CA8A21 /* SessionQuizDataSource.swift in Sources */ = {isa = PBXBuildFile; fileRef = F03A9C6C2605252F00CA8A21 /* SessionQuizDataSource.swift */; };
		F03A9C72260525B700CA8A21 /* QuizDataSourceProtocol.swift in Sources */ = {isa = PBXBuildFile; fileRef = F03A9C71260525B700CA8A21 /* QuizDataSourceProtocol.swift */; };
		F03A9C77260525C000CA8A21 /* QuizDataSource.swift in Sources */ = {isa = PBXBuildFile; fileRef = F03A9C76260525C000CA8A21 /* QuizDataSource.swift */; };
		F03A9C7C260525F500CA8A21 /* DataSource.swift in Sources */ = {isa = PBXBuildFile; fileRef = F03A9C7B260525F500CA8A21 /* DataSource.swift */; };
		F03A9C812605289E00CA8A21 /* QuizRepositoryProtocol.swift in Sources */ = {isa = PBXBuildFile; fileRef = F03A9C802605289E00CA8A21 /* QuizRepositoryProtocol.swift */; };
		F03A9C86260528A900CA8A21 /* QuizRepository.swift in Sources */ = {isa = PBXBuildFile; fileRef = F03A9C85260528A900CA8A21 /* QuizRepository.swift */; };
		F03A9C8E26052B4B00CA8A21 /* QuizInteractorProtocol.swift in Sources */ = {isa = PBXBuildFile; fileRef = F03A9C8D26052B4B00CA8A21 /* QuizInteractorProtocol.swift */; };
		F03A9C9326052B5400CA8A21 /* QuizInteractor.swift in Sources */ = {isa = PBXBuildFile; fileRef = F03A9C9226052B5400CA8A21 /* QuizInteractor.swift */; };
		F03A9C9B26052F1400CA8A21 /* QuizQuestionViewController.swift in Sources */ = {isa = PBXBuildFile; fileRef = F03A9C9A26052F1400CA8A21 /* QuizQuestionViewController.swift */; };
		F03A9CA02605327A00CA8A21 /* QuizQuestionPresenter.swift in Sources */ = {isa = PBXBuildFile; fileRef = F03A9C9F2605327A00CA8A21 /* QuizQuestionPresenter.swift */; };
		F03A9CA52605328500CA8A21 /* QuizQuestionPresenterProtocol.swift in Sources */ = {isa = PBXBuildFile; fileRef = F03A9CA42605328500CA8A21 /* QuizQuestionPresenterProtocol.swift */; };
		F05E67F625E2C33D0040C8A1 /* HomeViewController.swift in Sources */ = {isa = PBXBuildFile; fileRef = F05E67F525E2C33D0040C8A1 /* HomeViewController.swift */; };
		F05E680325E2C9B00040C8A1 /* PantonDemo-LightItalic.ttf in Resources */ = {isa = PBXBuildFile; fileRef = F05E67FB25E2C9AF0040C8A1 /* PantonDemo-LightItalic.ttf */; };
		F05E680525E2C9B00040C8A1 /* PantonDemo-BlackItalic.ttf in Resources */ = {isa = PBXBuildFile; fileRef = F05E67FD25E2C9AF0040C8A1 /* PantonDemo-BlackItalic.ttf */; };
		F05E680725E2C9B00040C8A1 /* PantonDemo-Light.ttf in Resources */ = {isa = PBXBuildFile; fileRef = F05E67FF25E2C9AF0040C8A1 /* PantonDemo-Light.ttf */; };
		F05E680825E2C9B00040C8A1 /* PantonDemo-Black.ttf in Resources */ = {isa = PBXBuildFile; fileRef = F05E680025E2C9AF0040C8A1 /* PantonDemo-Black.ttf */; };
		F05E681325E2CBC90040C8A1 /* UIFont+Fonts.swift in Sources */ = {isa = PBXBuildFile; fileRef = F05E681225E2CBC90040C8A1 /* UIFont+Fonts.swift */; };
		F05E682525E2CE330040C8A1 /* Coordinator.swift in Sources */ = {isa = PBXBuildFile; fileRef = F05E682425E2CE330040C8A1 /* Coordinator.swift */; };
		F05E682B25E2CE8E0040C8A1 /* HomeCoordinator.swift in Sources */ = {isa = PBXBuildFile; fileRef = F05E682A25E2CE8E0040C8A1 /* HomeCoordinator.swift */; };
		F05E683125E2CFAB0040C8A1 /* AppDependencies.swift in Sources */ = {isa = PBXBuildFile; fileRef = F05E683025E2CFAB0040C8A1 /* AppDependencies.swift */; };
		F05E683925E2CFE00040C8A1 /* HomeDependencies.swift in Sources */ = {isa = PBXBuildFile; fileRef = F05E683825E2CFE00040C8A1 /* HomeDependencies.swift */; };
		F05E683E25E2D2800040C8A1 /* BaseViewController.swift in Sources */ = {isa = PBXBuildFile; fileRef = F05E683D25E2D2800040C8A1 /* BaseViewController.swift */; };
		F05E684325E2D3A10040C8A1 /* BasePresenter.swift in Sources */ = {isa = PBXBuildFile; fileRef = F05E684225E2D3A10040C8A1 /* BasePresenter.swift */; };
		F05E684825E2D4380040C8A1 /* HomePresenterProtocol.swift in Sources */ = {isa = PBXBuildFile; fileRef = F05E684725E2D4380040C8A1 /* HomePresenterProtocol.swift */; };
		F05E684D25E2D4FE0040C8A1 /* HomePresenter.swift in Sources */ = {isa = PBXBuildFile; fileRef = F05E684C25E2D4FE0040C8A1 /* HomePresenter.swift */; };
		F05E685225E2D85B0040C8A1 /* AppCoordinator.swift in Sources */ = {isa = PBXBuildFile; fileRef = F05E685125E2D85B0040C8A1 /* AppCoordinator.swift */; };
		F05E685A25E2DDC30040C8A1 /* UIImage+Images.swift in Sources */ = {isa = PBXBuildFile; fileRef = F05E685925E2DDC30040C8A1 /* UIImage+Images.swift */; };
		F05E686225E2E72C0040C8A1 /* UserModel.swift in Sources */ = {isa = PBXBuildFile; fileRef = F05E686125E2E72C0040C8A1 /* UserModel.swift */; };
		F05E686A25E2EA0F0040C8A1 /* UIColor+Colors.swift in Sources */ = {isa = PBXBuildFile; fileRef = F05E686925E2EA0F0040C8A1 /* UIColor+Colors.swift */; };
		F07A228C26061A2500F14946 /* BandarBold.ttf in Resources */ = {isa = PBXBuildFile; fileRef = F07A228726061A2400F14946 /* BandarBold.ttf */; };
		F07A228D26061A2500F14946 /* BandarBoldItalic.ttf in Resources */ = {isa = PBXBuildFile; fileRef = F07A228826061A2500F14946 /* BandarBoldItalic.ttf */; };
		F07A228E26061A2500F14946 /* BandarItalic.ttf in Resources */ = {isa = PBXBuildFile; fileRef = F07A228926061A2500F14946 /* BandarItalic.ttf */; };
		F07A228F26061A2500F14946 /* BandarOutline.ttf in Resources */ = {isa = PBXBuildFile; fileRef = F07A228A26061A2500F14946 /* BandarOutline.ttf */; };
		F07A229026061A2500F14946 /* BandarRegular.ttf in Resources */ = {isa = PBXBuildFile; fileRef = F07A228B26061A2500F14946 /* BandarRegular.ttf */; };
		F07F225925E2C07B0064CC7E /* AppDelegate.swift in Sources */ = {isa = PBXBuildFile; fileRef = F07F225825E2C07B0064CC7E /* AppDelegate.swift */; };
		F07F225B25E2C07B0064CC7E /* SceneDelegate.swift in Sources */ = {isa = PBXBuildFile; fileRef = F07F225A25E2C07B0064CC7E /* SceneDelegate.swift */; };
		F07F225F25E2C07C0064CC7E /* Assets.xcassets in Resources */ = {isa = PBXBuildFile; fileRef = F07F225E25E2C07C0064CC7E /* Assets.xcassets */; };
		F07F226225E2C07C0064CC7E /* Preview Assets.xcassets in Resources */ = {isa = PBXBuildFile; fileRef = F07F226125E2C07C0064CC7E /* Preview Assets.xcassets */; };
		F07F226525E2C07C0064CC7E /* LaunchScreen.storyboard in Resources */ = {isa = PBXBuildFile; fileRef = F07F226325E2C07C0064CC7E /* LaunchScreen.storyboard */; };
		F07F227025E2C07C0064CC7E /* gamesTests.swift in Sources */ = {isa = PBXBuildFile; fileRef = F07F226F25E2C07C0064CC7E /* gamesTests.swift */; };
		F07F227B25E2C07C0064CC7E /* gamesUITests.swift in Sources */ = {isa = PBXBuildFile; fileRef = F07F227A25E2C07C0064CC7E /* gamesUITests.swift */; };
/* End PBXBuildFile section */

/* Begin PBXContainerItemProxy section */
		F07F226C25E2C07C0064CC7E /* PBXContainerItemProxy */ = {
			isa = PBXContainerItemProxy;
			containerPortal = F07F224D25E2C07B0064CC7E /* Project object */;
			proxyType = 1;
			remoteGlobalIDString = F07F225425E2C07B0064CC7E;
			remoteInfo = games;
		};
		F07F227725E2C07C0064CC7E /* PBXContainerItemProxy */ = {
			isa = PBXContainerItemProxy;
			containerPortal = F07F224D25E2C07B0064CC7E /* Project object */;
			proxyType = 1;
			remoteGlobalIDString = F07F225425E2C07B0064CC7E;
			remoteInfo = games;
		};
/* End PBXContainerItemProxy section */

/* Begin PBXFileReference section */
		186C45339F0A59A29B5E3800 /* Pods-gamesTests.debug.xcconfig */ = {isa = PBXFileReference; includeInIndex = 1; lastKnownFileType = text.xcconfig; name = "Pods-gamesTests.debug.xcconfig"; path = "Target Support Files/Pods-gamesTests/Pods-gamesTests.debug.xcconfig"; sourceTree = "<group>"; };
		4867BAD192580319D7994BA0 /* Pods_games_gamesUITests.framework */ = {isa = PBXFileReference; explicitFileType = wrapper.framework; includeInIndex = 0; path = Pods_games_gamesUITests.framework; sourceTree = BUILT_PRODUCTS_DIR; };
		4975433302EED7258679162F /* Pods-games.release.xcconfig */ = {isa = PBXFileReference; includeInIndex = 1; lastKnownFileType = text.xcconfig; name = "Pods-games.release.xcconfig"; path = "Target Support Files/Pods-games/Pods-games.release.xcconfig"; sourceTree = "<group>"; };
		62E252370EE8B945A7DC67E8 /* Pods-gamesTests.release.xcconfig */ = {isa = PBXFileReference; includeInIndex = 1; lastKnownFileType = text.xcconfig; name = "Pods-gamesTests.release.xcconfig"; path = "Target Support Files/Pods-gamesTests/Pods-gamesTests.release.xcconfig"; sourceTree = "<group>"; };
		93D0B971B2F81BA3927537C3 /* Pods-games-gamesUITests.debug.xcconfig */ = {isa = PBXFileReference; includeInIndex = 1; lastKnownFileType = text.xcconfig; name = "Pods-games-gamesUITests.debug.xcconfig"; path = "Target Support Files/Pods-games-gamesUITests/Pods-games-gamesUITests.debug.xcconfig"; sourceTree = "<group>"; };
		969B4EE04DB0CA9EFFBAB1C1 /* Pods-games.debug.xcconfig */ = {isa = PBXFileReference; includeInIndex = 1; lastKnownFileType = text.xcconfig; name = "Pods-games.debug.xcconfig"; path = "Target Support Files/Pods-games/Pods-games.debug.xcconfig"; sourceTree = "<group>"; };
		9858660E838303109BAD051E /* Pods_gamesTests.framework */ = {isa = PBXFileReference; explicitFileType = wrapper.framework; includeInIndex = 0; path = Pods_gamesTests.framework; sourceTree = BUILT_PRODUCTS_DIR; };
		AC9E67DACD7E003A8C420B6A /* Pods-games-gamesUITests.release.xcconfig */ = {isa = PBXFileReference; includeInIndex = 1; lastKnownFileType = text.xcconfig; name = "Pods-games-gamesUITests.release.xcconfig"; path = "Target Support Files/Pods-games-gamesUITests/Pods-games-gamesUITests.release.xcconfig"; sourceTree = "<group>"; };
		BBF978FD30A1A30E99128E50 /* Pods_games.framework */ = {isa = PBXFileReference; explicitFileType = wrapper.framework; includeInIndex = 0; path = Pods_games.framework; sourceTree = BUILT_PRODUCTS_DIR; };
		F008C4D126062B7F00A5E015 /* ProgressStepBar.swift */ = {isa = PBXFileReference; lastKnownFileType = sourcecode.swift; path = ProgressStepBar.swift; sourceTree = "<group>"; };
		F008C4F52606573A00A5E015 /* GoogleService-Info.plist */ = {isa = PBXFileReference; fileEncoding = 4; lastKnownFileType = text.plist.xml; path = "GoogleService-Info.plist"; sourceTree = "<group>"; };
		F008C50D2606598A00A5E015 /* FirebaseManager.swift */ = {isa = PBXFileReference; lastKnownFileType = sourcecode.swift; path = FirebaseManager.swift; sourceTree = "<group>"; };
		F008C52826065FE700A5E015 /* SessionUserDataSource.swift */ = {isa = PBXFileReference; lastKnownFileType = sourcecode.swift; path = SessionUserDataSource.swift; sourceTree = "<group>"; };
		F008C531260660C900A5E015 /* UserDataSourceProtocol.swift */ = {isa = PBXFileReference; lastKnownFileType = sourcecode.swift; path = UserDataSourceProtocol.swift; sourceTree = "<group>"; };
		F008C536260660D000A5E015 /* UserDataSource.swift */ = {isa = PBXFileReference; lastKnownFileType = sourcecode.swift; path = UserDataSource.swift; sourceTree = "<group>"; };
		F008C53C2606628500A5E015 /* UserRepositoryProtocol.swift */ = {isa = PBXFileReference; lastKnownFileType = sourcecode.swift; path = UserRepositoryProtocol.swift; sourceTree = "<group>"; };
		F008C5442606628D00A5E015 /* UserRepository.swift */ = {isa = PBXFileReference; lastKnownFileType = sourcecode.swift; path = UserRepository.swift; sourceTree = "<group>"; };
		F008C54A2606645B00A5E015 /* UserInteractorProtocol.swift */ = {isa = PBXFileReference; lastKnownFileType = sourcecode.swift; path = UserInteractorProtocol.swift; sourceTree = "<group>"; };
		F008C5522606646300A5E015 /* UserInteractor.swift */ = {isa = PBXFileReference; lastKnownFileType = sourcecode.swift; path = UserInteractor.swift; sourceTree = "<group>"; };
		F016F84E2606122A008623D3 /* QuizScorePresenter.swift */ = {isa = PBXFileReference; lastKnownFileType = sourcecode.swift; path = QuizScorePresenter.swift; sourceTree = "<group>"; };
		F016F84F2606122A008623D3 /* QuizScorePresenterProtocol.swift */ = {isa = PBXFileReference; lastKnownFileType = sourcecode.swift; path = QuizScorePresenterProtocol.swift; sourceTree = "<group>"; };
		F016F8502606122A008623D3 /* QuizScoreViewController.swift */ = {isa = PBXFileReference; lastKnownFileType = sourcecode.swift; path = QuizScoreViewController.swift; sourceTree = "<group>"; };
		F03A9BC82604DA2100CA8A21 /* MainMenuViewController.swift */ = {isa = PBXFileReference; lastKnownFileType = sourcecode.swift; path = MainMenuViewController.swift; sourceTree = "<group>"; };
		F03A9BCE2604DD3400CA8A21 /* MainMenuCell.swift */ = {isa = PBXFileReference; lastKnownFileType = sourcecode.swift; path = MainMenuCell.swift; sourceTree = "<group>"; };
		F03A9BD62604DED300CA8A21 /* MainMenuCoordinator.swift */ = {isa = PBXFileReference; lastKnownFileType = sourcecode.swift; path = MainMenuCoordinator.swift; sourceTree = "<group>"; };
		F03A9BDE2604DF5B00CA8A21 /* MainMenuDependencies.swift */ = {isa = PBXFileReference; lastKnownFileType = sourcecode.swift; path = MainMenuDependencies.swift; sourceTree = "<group>"; };
		F03A9BE32604E2F200CA8A21 /* MainMenuPresenter.swift */ = {isa = PBXFileReference; lastKnownFileType = sourcecode.swift; path = MainMenuPresenter.swift; sourceTree = "<group>"; };
		F03A9BE82604E30600CA8A21 /* MainMenuPresenterProtocol.swift */ = {isa = PBXFileReference; lastKnownFileType = sourcecode.swift; path = MainMenuPresenterProtocol.swift; sourceTree = "<group>"; };
		F03A9C0F2605013C00CA8A21 /* quiz.json */ = {isa = PBXFileReference; fileEncoding = 4; lastKnownFileType = text.json; path = quiz.json; sourceTree = "<group>"; };
		F03A9C23260502A500CA8A21 /* QuizModel.swift */ = {isa = PBXFileReference; lastKnownFileType = sourcecode.swift; path = QuizModel.swift; sourceTree = "<group>"; };
		F03A9C2F2605073300CA8A21 /* QuizCategoriesViewController.swift */ = {isa = PBXFileReference; lastKnownFileType = sourcecode.swift; path = QuizCategoriesViewController.swift; sourceTree = "<group>"; };
		F03A9C3B2605083200CA8A21 /* QuizCategoriesCell.swift */ = {isa = PBXFileReference; lastKnownFileType = sourcecode.swift; path = QuizCategoriesCell.swift; sourceTree = "<group>"; };
		F03A9C4026050A3B00CA8A21 /* QuizCoordinator.swift */ = {isa = PBXFileReference; lastKnownFileType = sourcecode.swift; path = QuizCoordinator.swift; sourceTree = "<group>"; };
		F03A9C452605120800CA8A21 /* QuizCategoriesHeaderCell.swift */ = {isa = PBXFileReference; lastKnownFileType = sourcecode.swift; path = QuizCategoriesHeaderCell.swift; sourceTree = "<group>"; };
		F03A9C4A260516DE00CA8A21 /* UIView+Style.swift */ = {isa = PBXFileReference; lastKnownFileType = sourcecode.swift; path = "UIView+Style.swift"; sourceTree = "<group>"; };
		F03A9C54260517D300CA8A21 /* QuizCategoriesPresenterProtocol.swift */ = {isa = PBXFileReference; lastKnownFileType = sourcecode.swift; path = QuizCategoriesPresenterProtocol.swift; sourceTree = "<group>"; };
		F03A9C59260517DD00CA8A21 /* QuizCategoriesPresenter.swift */ = {isa = PBXFileReference; lastKnownFileType = sourcecode.swift; path = QuizCategoriesPresenter.swift; sourceTree = "<group>"; };
		F03A9C622605196700CA8A21 /* QuizDependencies.swift */ = {isa = PBXFileReference; lastKnownFileType = sourcecode.swift; path = QuizDependencies.swift; sourceTree = "<group>"; };
		F03A9C6C2605252F00CA8A21 /* SessionQuizDataSource.swift */ = {isa = PBXFileReference; lastKnownFileType = sourcecode.swift; path = SessionQuizDataSource.swift; sourceTree = "<group>"; };
		F03A9C71260525B700CA8A21 /* QuizDataSourceProtocol.swift */ = {isa = PBXFileReference; lastKnownFileType = sourcecode.swift; path = QuizDataSourceProtocol.swift; sourceTree = "<group>"; };
		F03A9C76260525C000CA8A21 /* QuizDataSource.swift */ = {isa = PBXFileReference; lastKnownFileType = sourcecode.swift; path = QuizDataSource.swift; sourceTree = "<group>"; };
		F03A9C7B260525F500CA8A21 /* DataSource.swift */ = {isa = PBXFileReference; lastKnownFileType = sourcecode.swift; path = DataSource.swift; sourceTree = "<group>"; };
		F03A9C802605289E00CA8A21 /* QuizRepositoryProtocol.swift */ = {isa = PBXFileReference; lastKnownFileType = sourcecode.swift; path = QuizRepositoryProtocol.swift; sourceTree = "<group>"; };
		F03A9C85260528A900CA8A21 /* QuizRepository.swift */ = {isa = PBXFileReference; lastKnownFileType = sourcecode.swift; path = QuizRepository.swift; sourceTree = "<group>"; };
		F03A9C8D26052B4B00CA8A21 /* QuizInteractorProtocol.swift */ = {isa = PBXFileReference; lastKnownFileType = sourcecode.swift; path = QuizInteractorProtocol.swift; sourceTree = "<group>"; };
		F03A9C9226052B5400CA8A21 /* QuizInteractor.swift */ = {isa = PBXFileReference; lastKnownFileType = sourcecode.swift; path = QuizInteractor.swift; sourceTree = "<group>"; };
		F03A9C9A26052F1400CA8A21 /* QuizQuestionViewController.swift */ = {isa = PBXFileReference; lastKnownFileType = sourcecode.swift; path = QuizQuestionViewController.swift; sourceTree = "<group>"; };
		F03A9C9F2605327A00CA8A21 /* QuizQuestionPresenter.swift */ = {isa = PBXFileReference; lastKnownFileType = sourcecode.swift; path = QuizQuestionPresenter.swift; sourceTree = "<group>"; };
		F03A9CA42605328500CA8A21 /* QuizQuestionPresenterProtocol.swift */ = {isa = PBXFileReference; lastKnownFileType = sourcecode.swift; path = QuizQuestionPresenterProtocol.swift; sourceTree = "<group>"; };
		F05E67F525E2C33D0040C8A1 /* HomeViewController.swift */ = {isa = PBXFileReference; lastKnownFileType = sourcecode.swift; path = HomeViewController.swift; sourceTree = "<group>"; };
		F05E67FB25E2C9AF0040C8A1 /* PantonDemo-LightItalic.ttf */ = {isa = PBXFileReference; lastKnownFileType = file; path = "PantonDemo-LightItalic.ttf"; sourceTree = "<group>"; };
		F05E67FD25E2C9AF0040C8A1 /* PantonDemo-BlackItalic.ttf */ = {isa = PBXFileReference; lastKnownFileType = file; path = "PantonDemo-BlackItalic.ttf"; sourceTree = "<group>"; };
		F05E67FF25E2C9AF0040C8A1 /* PantonDemo-Light.ttf */ = {isa = PBXFileReference; lastKnownFileType = file; path = "PantonDemo-Light.ttf"; sourceTree = "<group>"; };
		F05E680025E2C9AF0040C8A1 /* PantonDemo-Black.ttf */ = {isa = PBXFileReference; lastKnownFileType = file; path = "PantonDemo-Black.ttf"; sourceTree = "<group>"; };
		F05E681225E2CBC90040C8A1 /* UIFont+Fonts.swift */ = {isa = PBXFileReference; lastKnownFileType = sourcecode.swift; path = "UIFont+Fonts.swift"; sourceTree = "<group>"; };
		F05E682425E2CE330040C8A1 /* Coordinator.swift */ = {isa = PBXFileReference; lastKnownFileType = sourcecode.swift; path = Coordinator.swift; sourceTree = "<group>"; };
		F05E682A25E2CE8E0040C8A1 /* HomeCoordinator.swift */ = {isa = PBXFileReference; lastKnownFileType = sourcecode.swift; path = HomeCoordinator.swift; sourceTree = "<group>"; };
		F05E683025E2CFAB0040C8A1 /* AppDependencies.swift */ = {isa = PBXFileReference; lastKnownFileType = sourcecode.swift; path = AppDependencies.swift; sourceTree = "<group>"; };
		F05E683825E2CFE00040C8A1 /* HomeDependencies.swift */ = {isa = PBXFileReference; lastKnownFileType = sourcecode.swift; path = HomeDependencies.swift; sourceTree = "<group>"; };
		F05E683D25E2D2800040C8A1 /* BaseViewController.swift */ = {isa = PBXFileReference; lastKnownFileType = sourcecode.swift; path = BaseViewController.swift; sourceTree = "<group>"; };
		F05E684225E2D3A10040C8A1 /* BasePresenter.swift */ = {isa = PBXFileReference; lastKnownFileType = sourcecode.swift; path = BasePresenter.swift; sourceTree = "<group>"; };
		F05E684725E2D4380040C8A1 /* HomePresenterProtocol.swift */ = {isa = PBXFileReference; lastKnownFileType = sourcecode.swift; path = HomePresenterProtocol.swift; sourceTree = "<group>"; };
		F05E684C25E2D4FE0040C8A1 /* HomePresenter.swift */ = {isa = PBXFileReference; lastKnownFileType = sourcecode.swift; path = HomePresenter.swift; sourceTree = "<group>"; };
		F05E685125E2D85B0040C8A1 /* AppCoordinator.swift */ = {isa = PBXFileReference; lastKnownFileType = sourcecode.swift; path = AppCoordinator.swift; sourceTree = "<group>"; };
		F05E685925E2DDC30040C8A1 /* UIImage+Images.swift */ = {isa = PBXFileReference; lastKnownFileType = sourcecode.swift; path = "UIImage+Images.swift"; sourceTree = "<group>"; };
		F05E686125E2E72C0040C8A1 /* UserModel.swift */ = {isa = PBXFileReference; lastKnownFileType = sourcecode.swift; path = UserModel.swift; sourceTree = "<group>"; };
		F05E686925E2EA0F0040C8A1 /* UIColor+Colors.swift */ = {isa = PBXFileReference; lastKnownFileType = sourcecode.swift; path = "UIColor+Colors.swift"; sourceTree = "<group>"; };
		F07A228726061A2400F14946 /* BandarBold.ttf */ = {isa = PBXFileReference; lastKnownFileType = file; path = BandarBold.ttf; sourceTree = "<group>"; };
		F07A228826061A2500F14946 /* BandarBoldItalic.ttf */ = {isa = PBXFileReference; lastKnownFileType = file; path = BandarBoldItalic.ttf; sourceTree = "<group>"; };
		F07A228926061A2500F14946 /* BandarItalic.ttf */ = {isa = PBXFileReference; lastKnownFileType = file; path = BandarItalic.ttf; sourceTree = "<group>"; };
		F07A228A26061A2500F14946 /* BandarOutline.ttf */ = {isa = PBXFileReference; lastKnownFileType = file; path = BandarOutline.ttf; sourceTree = "<group>"; };
		F07A228B26061A2500F14946 /* BandarRegular.ttf */ = {isa = PBXFileReference; lastKnownFileType = file; path = BandarRegular.ttf; sourceTree = "<group>"; };
		F07F225525E2C07B0064CC7E /* games.app */ = {isa = PBXFileReference; explicitFileType = wrapper.application; includeInIndex = 0; path = games.app; sourceTree = BUILT_PRODUCTS_DIR; };
		F07F225825E2C07B0064CC7E /* AppDelegate.swift */ = {isa = PBXFileReference; lastKnownFileType = sourcecode.swift; path = AppDelegate.swift; sourceTree = "<group>"; };
		F07F225A25E2C07B0064CC7E /* SceneDelegate.swift */ = {isa = PBXFileReference; lastKnownFileType = sourcecode.swift; path = SceneDelegate.swift; sourceTree = "<group>"; };
		F07F225E25E2C07C0064CC7E /* Assets.xcassets */ = {isa = PBXFileReference; lastKnownFileType = folder.assetcatalog; path = Assets.xcassets; sourceTree = "<group>"; };
		F07F226125E2C07C0064CC7E /* Preview Assets.xcassets */ = {isa = PBXFileReference; lastKnownFileType = folder.assetcatalog; path = "Preview Assets.xcassets"; sourceTree = "<group>"; };
		F07F226425E2C07C0064CC7E /* Base */ = {isa = PBXFileReference; lastKnownFileType = file.storyboard; name = Base; path = Base.lproj/LaunchScreen.storyboard; sourceTree = "<group>"; };
		F07F226625E2C07C0064CC7E /* Info.plist */ = {isa = PBXFileReference; lastKnownFileType = text.plist.xml; path = Info.plist; sourceTree = "<group>"; };
		F07F226B25E2C07C0064CC7E /* gamesTests.xctest */ = {isa = PBXFileReference; explicitFileType = wrapper.cfbundle; includeInIndex = 0; path = gamesTests.xctest; sourceTree = BUILT_PRODUCTS_DIR; };
		F07F226F25E2C07C0064CC7E /* gamesTests.swift */ = {isa = PBXFileReference; lastKnownFileType = sourcecode.swift; path = gamesTests.swift; sourceTree = "<group>"; };
		F07F227125E2C07C0064CC7E /* Info.plist */ = {isa = PBXFileReference; lastKnownFileType = text.plist.xml; path = Info.plist; sourceTree = "<group>"; };
		F07F227625E2C07C0064CC7E /* gamesUITests.xctest */ = {isa = PBXFileReference; explicitFileType = wrapper.cfbundle; includeInIndex = 0; path = gamesUITests.xctest; sourceTree = BUILT_PRODUCTS_DIR; };
		F07F227A25E2C07C0064CC7E /* gamesUITests.swift */ = {isa = PBXFileReference; lastKnownFileType = sourcecode.swift; path = gamesUITests.swift; sourceTree = "<group>"; };
		F07F227C25E2C07C0064CC7E /* Info.plist */ = {isa = PBXFileReference; lastKnownFileType = text.plist.xml; path = Info.plist; sourceTree = "<group>"; };
/* End PBXFileReference section */

/* Begin PBXFrameworksBuildPhase section */
		F07F225225E2C07B0064CC7E /* Frameworks */ = {
			isa = PBXFrameworksBuildPhase;
			buildActionMask = 2147483647;
			files = (
				5C06EA8CF1A55015DD9CDAE7 /* Pods_games.framework in Frameworks */,
			);
			runOnlyForDeploymentPostprocessing = 0;
		};
		F07F226825E2C07C0064CC7E /* Frameworks */ = {
			isa = PBXFrameworksBuildPhase;
			buildActionMask = 2147483647;
			files = (
				5BC649C934874E9409CC48F6 /* Pods_gamesTests.framework in Frameworks */,
			);
			runOnlyForDeploymentPostprocessing = 0;
		};
		F07F227325E2C07C0064CC7E /* Frameworks */ = {
			isa = PBXFrameworksBuildPhase;
			buildActionMask = 2147483647;
			files = (
				32F455EB078C9582D0061954 /* Pods_games_gamesUITests.framework in Frameworks */,
			);
			runOnlyForDeploymentPostprocessing = 0;
		};
/* End PBXFrameworksBuildPhase section */

/* Begin PBXGroup section */
		013F6FF7CD99872827963289 /* Pods */ = {
			isa = PBXGroup;
			children = (
				969B4EE04DB0CA9EFFBAB1C1 /* Pods-games.debug.xcconfig */,
				4975433302EED7258679162F /* Pods-games.release.xcconfig */,
				93D0B971B2F81BA3927537C3 /* Pods-games-gamesUITests.debug.xcconfig */,
				AC9E67DACD7E003A8C420B6A /* Pods-games-gamesUITests.release.xcconfig */,
				186C45339F0A59A29B5E3800 /* Pods-gamesTests.debug.xcconfig */,
				62E252370EE8B945A7DC67E8 /* Pods-gamesTests.release.xcconfig */,
			);
			path = Pods;
			sourceTree = "<group>";
		};
		076DBEC3E5FC04975BF4DD01 /* Frameworks */ = {
			isa = PBXGroup;
			children = (
				BBF978FD30A1A30E99128E50 /* Pods_games.framework */,
				4867BAD192580319D7994BA0 /* Pods_games_gamesUITests.framework */,
				9858660E838303109BAD051E /* Pods_gamesTests.framework */,
			);
			name = Frameworks;
			sourceTree = "<group>";
		};
		F008C4CF26062B2F00A5E015 /* components */ = {
			isa = PBXGroup;
			children = (
				F008C4D026062B4800A5E015 /* progressStepBar */,
			);
			path = components;
			sourceTree = "<group>";
		};
		F008C4D026062B4800A5E015 /* progressStepBar */ = {
			isa = PBXGroup;
			children = (
				F008C4D126062B7F00A5E015 /* ProgressStepBar.swift */,
			);
			path = progressStepBar;
			sourceTree = "<group>";
		};
		F008C52726065F8E00A5E015 /* user */ = {
			isa = PBXGroup;
			children = (
				F008C5492606642100A5E015 /* interactor */,
				F008C53B2606626200A5E015 /* repository */,
				F008C5302606608B00A5E015 /* datasource */,
				F008C52826065FE700A5E015 /* SessionUserDataSource.swift */,
			);
			path = user;
			sourceTree = "<group>";
		};
		F008C5302606608B00A5E015 /* datasource */ = {
			isa = PBXGroup;
			children = (
				F008C531260660C900A5E015 /* UserDataSourceProtocol.swift */,
				F008C536260660D000A5E015 /* UserDataSource.swift */,
			);
			path = datasource;
			sourceTree = "<group>";
		};
		F008C53B2606626200A5E015 /* repository */ = {
			isa = PBXGroup;
			children = (
				F008C53C2606628500A5E015 /* UserRepositoryProtocol.swift */,
				F008C5442606628D00A5E015 /* UserRepository.swift */,
			);
			path = repository;
			sourceTree = "<group>";
		};
		F008C5492606642100A5E015 /* interactor */ = {
			isa = PBXGroup;
			children = (
				F008C54A2606645B00A5E015 /* UserInteractorProtocol.swift */,
				F008C5522606646300A5E015 /* UserInteractor.swift */,
			);
			path = interactor;
			sourceTree = "<group>";
		};
		F03A9BC52604D9ED00CA8A21 /* mainMenu */ = {
			isa = PBXGroup;
			children = (
				F03A9BC72604DA0700CA8A21 /* presenter */,
				F03A9BC62604DA0100CA8A21 /* view */,
			);
			path = mainMenu;
			sourceTree = "<group>";
		};
		F03A9BC62604DA0100CA8A21 /* view */ = {
			isa = PBXGroup;
			children = (
				F03A9BCD2604DCF200CA8A21 /* cell */,
				F03A9BC82604DA2100CA8A21 /* MainMenuViewController.swift */,
			);
			path = view;
			sourceTree = "<group>";
		};
		F03A9BC72604DA0700CA8A21 /* presenter */ = {
			isa = PBXGroup;
			children = (
				F03A9BE82604E30600CA8A21 /* MainMenuPresenterProtocol.swift */,
				F03A9BE32604E2F200CA8A21 /* MainMenuPresenter.swift */,
			);
			path = presenter;
			sourceTree = "<group>";
		};
		F03A9BCD2604DCF200CA8A21 /* cell */ = {
			isa = PBXGroup;
			children = (
				F03A9BCE2604DD3400CA8A21 /* MainMenuCell.swift */,
			);
			path = cell;
			sourceTree = "<group>";
		};
		F03A9C0C2604F89500CA8A21 /* resources */ = {
			isa = PBXGroup;
			children = (
				F05E67FA25E2C9950040C8A1 /* fonts */,
				F03A9C0D2604F8A700CA8A21 /* json */,
			);
			path = resources;
			sourceTree = "<group>";
		};
		F03A9C0D2604F8A700CA8A21 /* json */ = {
			isa = PBXGroup;
			children = (
				F03A9C0F2605013C00CA8A21 /* quiz.json */,
			);
			path = json;
			sourceTree = "<group>";
		};
		F03A9C17260501B700CA8A21 /* quiz */ = {
			isa = PBXGroup;
			children = (
				F03A9C2E2605070900CA8A21 /* categories */,
				F03A9C9726052ECD00CA8A21 /* question */,
				F08D08D1260609560044E152 /* score */,
			);
			path = quiz;
			sourceTree = "<group>";
		};
		F03A9C18260501C200CA8A21 /* view */ = {
			isa = PBXGroup;
			children = (
				F03A9C3A2605081900CA8A21 /* cell */,
				F03A9C2F2605073300CA8A21 /* QuizCategoriesViewController.swift */,
			);
			path = view;
			sourceTree = "<group>";
		};
		F03A9C19260501C800CA8A21 /* presenter */ = {
			isa = PBXGroup;
			children = (
				F03A9C54260517D300CA8A21 /* QuizCategoriesPresenterProtocol.swift */,
				F03A9C59260517DD00CA8A21 /* QuizCategoriesPresenter.swift */,
			);
			path = presenter;
			sourceTree = "<group>";
		};
		F03A9C222605029000CA8A21 /* quiz */ = {
			isa = PBXGroup;
			children = (
				F03A9C23260502A500CA8A21 /* QuizModel.swift */,
			);
			path = quiz;
			sourceTree = "<group>";
		};
		F03A9C2E2605070900CA8A21 /* categories */ = {
			isa = PBXGroup;
			children = (
				F03A9C19260501C800CA8A21 /* presenter */,
				F03A9C18260501C200CA8A21 /* view */,
			);
			path = categories;
			sourceTree = "<group>";
		};
		F03A9C3A2605081900CA8A21 /* cell */ = {
			isa = PBXGroup;
			children = (
				F03A9C3B2605083200CA8A21 /* QuizCategoriesCell.swift */,
				F03A9C452605120800CA8A21 /* QuizCategoriesHeaderCell.swift */,
			);
			path = cell;
			sourceTree = "<group>";
		};
		F03A9C6A2605239700CA8A21 /* domain */ = {
			isa = PBXGroup;
			children = (
				F008C50D2606598A00A5E015 /* FirebaseManager.swift */,
				F008C52726065F8E00A5E015 /* user */,
				F03A9C6B260523B900CA8A21 /* quiz */,
			);
			path = domain;
			sourceTree = "<group>";
		};
		F03A9C6B260523B900CA8A21 /* quiz */ = {
			isa = PBXGroup;
			children = (
				F03A9C6C2605252F00CA8A21 /* SessionQuizDataSource.swift */,
				F03A9C8C26052B0A00CA8A21 /* interactor */,
				F03A9C8B26052B0200CA8A21 /* repository */,
				F03A9C8A26052AF900CA8A21 /* datasource */,
			);
			path = quiz;
			sourceTree = "<group>";
		};
		F03A9C8A26052AF900CA8A21 /* datasource */ = {
			isa = PBXGroup;
			children = (
				F03A9C71260525B700CA8A21 /* QuizDataSourceProtocol.swift */,
				F03A9C76260525C000CA8A21 /* QuizDataSource.swift */,
			);
			path = datasource;
			sourceTree = "<group>";
		};
		F03A9C8B26052B0200CA8A21 /* repository */ = {
			isa = PBXGroup;
			children = (
				F03A9C802605289E00CA8A21 /* QuizRepositoryProtocol.swift */,
				F03A9C85260528A900CA8A21 /* QuizRepository.swift */,
			);
			path = repository;
			sourceTree = "<group>";
		};
		F03A9C8C26052B0A00CA8A21 /* interactor */ = {
			isa = PBXGroup;
			children = (
				F03A9C8D26052B4B00CA8A21 /* QuizInteractorProtocol.swift */,
				F03A9C9226052B5400CA8A21 /* QuizInteractor.swift */,
			);
			path = interactor;
			sourceTree = "<group>";
		};
		F03A9C9726052ECD00CA8A21 /* question */ = {
			isa = PBXGroup;
			children = (
				F03A9C9926052EF100CA8A21 /* presenter */,
				F03A9C9826052EE700CA8A21 /* view */,
			);
			path = question;
			sourceTree = "<group>";
		};
		F03A9C9826052EE700CA8A21 /* view */ = {
			isa = PBXGroup;
			children = (
				F03A9C9A26052F1400CA8A21 /* QuizQuestionViewController.swift */,
			);
			path = view;
			sourceTree = "<group>";
		};
		F03A9C9926052EF100CA8A21 /* presenter */ = {
			isa = PBXGroup;
			children = (
				F03A9CA42605328500CA8A21 /* QuizQuestionPresenterProtocol.swift */,
				F03A9C9F2605327A00CA8A21 /* QuizQuestionPresenter.swift */,
			);
			path = presenter;
			sourceTree = "<group>";
		};
		F05E67F125E2C2ED0040C8A1 /* presentation */ = {
			isa = PBXGroup;
			children = (
				F008C4CF26062B2F00A5E015 /* components */,
				F05E682925E2CE7C0040C8A1 /* coordinators */,
				F05E67F225E2C2F40040C8A1 /* home */,
				F03A9BC52604D9ED00CA8A21 /* mainMenu */,
				F03A9C17260501B700CA8A21 /* quiz */,
			);
			path = presentation;
			sourceTree = "<group>";
		};
		F05E67F225E2C2F40040C8A1 /* home */ = {
			isa = PBXGroup;
			children = (
				F05E67F425E2C30B0040C8A1 /* presenter */,
				F05E67F325E2C3050040C8A1 /* view */,
			);
			path = home;
			sourceTree = "<group>";
		};
		F05E67F325E2C3050040C8A1 /* view */ = {
			isa = PBXGroup;
			children = (
				F05E67F525E2C33D0040C8A1 /* HomeViewController.swift */,
			);
			path = view;
			sourceTree = "<group>";
		};
		F05E67F425E2C30B0040C8A1 /* presenter */ = {
			isa = PBXGroup;
			children = (
				F05E684725E2D4380040C8A1 /* HomePresenterProtocol.swift */,
				F05E684C25E2D4FE0040C8A1 /* HomePresenter.swift */,
			);
			path = presenter;
			sourceTree = "<group>";
		};
		F05E67FA25E2C9950040C8A1 /* fonts */ = {
			isa = PBXGroup;
			children = (
				F07A228726061A2400F14946 /* BandarBold.ttf */,
				F07A228826061A2500F14946 /* BandarBoldItalic.ttf */,
				F07A228926061A2500F14946 /* BandarItalic.ttf */,
				F07A228A26061A2500F14946 /* BandarOutline.ttf */,
				F07A228B26061A2500F14946 /* BandarRegular.ttf */,
				F05E680025E2C9AF0040C8A1 /* PantonDemo-Black.ttf */,
				F05E67FD25E2C9AF0040C8A1 /* PantonDemo-BlackItalic.ttf */,
				F05E67FF25E2C9AF0040C8A1 /* PantonDemo-Light.ttf */,
				F05E67FB25E2C9AF0040C8A1 /* PantonDemo-LightItalic.ttf */,
			);
			path = fonts;
			sourceTree = "<group>";
		};
		F05E681125E2CBA20040C8A1 /* extensions */ = {
			isa = PBXGroup;
			children = (
				F05E681225E2CBC90040C8A1 /* UIFont+Fonts.swift */,
				F05E685925E2DDC30040C8A1 /* UIImage+Images.swift */,
				F05E686925E2EA0F0040C8A1 /* UIColor+Colors.swift */,
				F03A9C4A260516DE00CA8A21 /* UIView+Style.swift */,
			);
			path = extensions;
			sourceTree = "<group>";
		};
		F05E681725E2CD240040C8A1 /* common */ = {
			isa = PBXGroup;
			children = (
				F05E682325E2CDCD0040C8A1 /* base */,
			);
			path = common;
			sourceTree = "<group>";
		};
		F05E682325E2CDCD0040C8A1 /* base */ = {
			isa = PBXGroup;
			children = (
				F05E682425E2CE330040C8A1 /* Coordinator.swift */,
				F05E683D25E2D2800040C8A1 /* BaseViewController.swift */,
				F05E684225E2D3A10040C8A1 /* BasePresenter.swift */,
				F03A9C7B260525F500CA8A21 /* DataSource.swift */,
			);
			path = base;
			sourceTree = "<group>";
		};
		F05E682925E2CE7C0040C8A1 /* coordinators */ = {
			isa = PBXGroup;
			children = (
				F05E685125E2D85B0040C8A1 /* AppCoordinator.swift */,
				F05E682A25E2CE8E0040C8A1 /* HomeCoordinator.swift */,
				F03A9BD62604DED300CA8A21 /* MainMenuCoordinator.swift */,
				F03A9C4026050A3B00CA8A21 /* QuizCoordinator.swift */,
			);
			path = coordinators;
			sourceTree = "<group>";
		};
		F05E682F25E2CF580040C8A1 /* dependencies */ = {
			isa = PBXGroup;
			children = (
				F05E683025E2CFAB0040C8A1 /* AppDependencies.swift */,
				F05E683825E2CFE00040C8A1 /* HomeDependencies.swift */,
				F03A9BDE2604DF5B00CA8A21 /* MainMenuDependencies.swift */,
				F03A9C622605196700CA8A21 /* QuizDependencies.swift */,
			);
			path = dependencies;
			sourceTree = "<group>";
		};
		F05E685F25E2E6D90040C8A1 /* model */ = {
			isa = PBXGroup;
			children = (
				F03A9C222605029000CA8A21 /* quiz */,
				F05E686025E2E7170040C8A1 /* user */,
			);
			path = model;
			sourceTree = "<group>";
		};
		F05E686025E2E7170040C8A1 /* user */ = {
			isa = PBXGroup;
			children = (
				F05E686125E2E72C0040C8A1 /* UserModel.swift */,
			);
			path = user;
			sourceTree = "<group>";
		};
		F07F224C25E2C07B0064CC7E = {
			isa = PBXGroup;
			children = (
				F07F225725E2C07B0064CC7E /* games */,
				F07F226E25E2C07C0064CC7E /* gamesTests */,
				F07F227925E2C07C0064CC7E /* gamesUITests */,
				F07F225625E2C07B0064CC7E /* Products */,
				013F6FF7CD99872827963289 /* Pods */,
				076DBEC3E5FC04975BF4DD01 /* Frameworks */,
			);
			sourceTree = "<group>";
		};
		F07F225625E2C07B0064CC7E /* Products */ = {
			isa = PBXGroup;
			children = (
				F07F225525E2C07B0064CC7E /* games.app */,
				F07F226B25E2C07C0064CC7E /* gamesTests.xctest */,
				F07F227625E2C07C0064CC7E /* gamesUITests.xctest */,
			);
			name = Products;
			sourceTree = "<group>";
		};
		F07F225725E2C07B0064CC7E /* games */ = {
			isa = PBXGroup;
			children = (
				F05E685F25E2E6D90040C8A1 /* model */,
				F05E682F25E2CF580040C8A1 /* dependencies */,
				F05E681725E2CD240040C8A1 /* common */,
				F05E681125E2CBA20040C8A1 /* extensions */,
				F05E67F125E2C2ED0040C8A1 /* presentation */,
				F03A9C6A2605239700CA8A21 /* domain */,
				F03A9C0C2604F89500CA8A21 /* resources */,
				F07F225825E2C07B0064CC7E /* AppDelegate.swift */,
				F07F225A25E2C07B0064CC7E /* SceneDelegate.swift */,
				F07F225E25E2C07C0064CC7E /* Assets.xcassets */,
				F07F226325E2C07C0064CC7E /* LaunchScreen.storyboard */,
				F07F226625E2C07C0064CC7E /* Info.plist */,
				F008C4F52606573A00A5E015 /* GoogleService-Info.plist */,
				F07F226025E2C07C0064CC7E /* Preview Content */,
			);
			path = games;
			sourceTree = "<group>";
		};
		F07F226025E2C07C0064CC7E /* Preview Content */ = {
			isa = PBXGroup;
			children = (
				F07F226125E2C07C0064CC7E /* Preview Assets.xcassets */,
			);
			path = "Preview Content";
			sourceTree = "<group>";
		};
		F07F226E25E2C07C0064CC7E /* gamesTests */ = {
			isa = PBXGroup;
			children = (
				F07F226F25E2C07C0064CC7E /* gamesTests.swift */,
				F07F227125E2C07C0064CC7E /* Info.plist */,
			);
			path = gamesTests;
			sourceTree = "<group>";
		};
		F07F227925E2C07C0064CC7E /* gamesUITests */ = {
			isa = PBXGroup;
			children = (
				F07F227A25E2C07C0064CC7E /* gamesUITests.swift */,
				F07F227C25E2C07C0064CC7E /* Info.plist */,
			);
			path = gamesUITests;
			sourceTree = "<group>";
		};
		F08D08D1260609560044E152 /* score */ = {
			isa = PBXGroup;
			children = (
				F08D08D3260609C10044E152 /* presenter */,
				F08D08D2260609BA0044E152 /* view */,
			);
			path = score;
			sourceTree = "<group>";
		};
		F08D08D2260609BA0044E152 /* view */ = {
			isa = PBXGroup;
			children = (
				F016F8502606122A008623D3 /* QuizScoreViewController.swift */,
			);
			path = view;
			sourceTree = "<group>";
		};
		F08D08D3260609C10044E152 /* presenter */ = {
			isa = PBXGroup;
			children = (
				F016F84F2606122A008623D3 /* QuizScorePresenterProtocol.swift */,
				F016F84E2606122A008623D3 /* QuizScorePresenter.swift */,
			);
			path = presenter;
			sourceTree = "<group>";
		};
/* End PBXGroup section */

/* Begin PBXNativeTarget section */
		F07F225425E2C07B0064CC7E /* games */ = {
			isa = PBXNativeTarget;
			buildConfigurationList = F07F227F25E2C07C0064CC7E /* Build configuration list for PBXNativeTarget "games" */;
			buildPhases = (
				006F5A5325A60DB211A57E52 /* [CP] Check Pods Manifest.lock */,
				F07F225125E2C07B0064CC7E /* Sources */,
				F07F225225E2C07B0064CC7E /* Frameworks */,
				F07F225325E2C07B0064CC7E /* Resources */,
				EF4F3F49694CBB44663B85DF /* [CP] Embed Pods Frameworks */,
			);
			buildRules = (
			);
			dependencies = (
			);
			name = games;
			productName = games;
			productReference = F07F225525E2C07B0064CC7E /* games.app */;
			productType = "com.apple.product-type.application";
		};
		F07F226A25E2C07C0064CC7E /* gamesTests */ = {
			isa = PBXNativeTarget;
			buildConfigurationList = F07F228225E2C07C0064CC7E /* Build configuration list for PBXNativeTarget "gamesTests" */;
			buildPhases = (
				833B00B8F6BF91A751816BA8 /* [CP] Check Pods Manifest.lock */,
				F07F226725E2C07C0064CC7E /* Sources */,
				F07F226825E2C07C0064CC7E /* Frameworks */,
				F07F226925E2C07C0064CC7E /* Resources */,
			);
			buildRules = (
			);
			dependencies = (
				F07F226D25E2C07C0064CC7E /* PBXTargetDependency */,
			);
			name = gamesTests;
			productName = gamesTests;
			productReference = F07F226B25E2C07C0064CC7E /* gamesTests.xctest */;
			productType = "com.apple.product-type.bundle.unit-test";
		};
		F07F227525E2C07C0064CC7E /* gamesUITests */ = {
			isa = PBXNativeTarget;
			buildConfigurationList = F07F228525E2C07C0064CC7E /* Build configuration list for PBXNativeTarget "gamesUITests" */;
			buildPhases = (
				39C288C71C0F59B8427A32DE /* [CP] Check Pods Manifest.lock */,
				F07F227225E2C07C0064CC7E /* Sources */,
				F07F227325E2C07C0064CC7E /* Frameworks */,
				F07F227425E2C07C0064CC7E /* Resources */,
				299EA73C57CEA820C4749502 /* [CP] Embed Pods Frameworks */,
			);
			buildRules = (
			);
			dependencies = (
				F07F227825E2C07C0064CC7E /* PBXTargetDependency */,
			);
			name = gamesUITests;
			productName = gamesUITests;
			productReference = F07F227625E2C07C0064CC7E /* gamesUITests.xctest */;
			productType = "com.apple.product-type.bundle.ui-testing";
		};
/* End PBXNativeTarget section */

/* Begin PBXProject section */
		F07F224D25E2C07B0064CC7E /* Project object */ = {
			isa = PBXProject;
			attributes = {
				LastSwiftUpdateCheck = 1210;
				LastUpgradeCheck = 1210;
				TargetAttributes = {
					F07F225425E2C07B0064CC7E = {
						CreatedOnToolsVersion = 12.1;
					};
					F07F226A25E2C07C0064CC7E = {
						CreatedOnToolsVersion = 12.1;
						TestTargetID = F07F225425E2C07B0064CC7E;
					};
					F07F227525E2C07C0064CC7E = {
						CreatedOnToolsVersion = 12.1;
						TestTargetID = F07F225425E2C07B0064CC7E;
					};
				};
			};
			buildConfigurationList = F07F225025E2C07B0064CC7E /* Build configuration list for PBXProject "games" */;
			compatibilityVersion = "Xcode 9.3";
			developmentRegion = en;
			hasScannedForEncodings = 0;
			knownRegions = (
				en,
				Base,
			);
			mainGroup = F07F224C25E2C07B0064CC7E;
			productRefGroup = F07F225625E2C07B0064CC7E /* Products */;
			projectDirPath = "";
			projectRoot = "";
			targets = (
				F07F225425E2C07B0064CC7E /* games */,
				F07F226A25E2C07C0064CC7E /* gamesTests */,
				F07F227525E2C07C0064CC7E /* gamesUITests */,
			);
		};
/* End PBXProject section */

/* Begin PBXResourcesBuildPhase section */
		F07F225325E2C07B0064CC7E /* Resources */ = {
			isa = PBXResourcesBuildPhase;
			buildActionMask = 2147483647;
			files = (
				F03A9C102605013C00CA8A21 /* quiz.json in Resources */,
				F07A228C26061A2500F14946 /* BandarBold.ttf in Resources */,
				F05E680825E2C9B00040C8A1 /* PantonDemo-Black.ttf in Resources */,
				F07F226525E2C07C0064CC7E /* LaunchScreen.storyboard in Resources */,
				F07A228F26061A2500F14946 /* BandarOutline.ttf in Resources */,
				F07F226225E2C07C0064CC7E /* Preview Assets.xcassets in Resources */,
				F07A229026061A2500F14946 /* BandarRegular.ttf in Resources */,
				F07A228E26061A2500F14946 /* BandarItalic.ttf in Resources */,
				F05E680725E2C9B00040C8A1 /* PantonDemo-Light.ttf in Resources */,
				F05E680325E2C9B00040C8A1 /* PantonDemo-LightItalic.ttf in Resources */,
				F07A228D26061A2500F14946 /* BandarBoldItalic.ttf in Resources */,
				F07F225F25E2C07C0064CC7E /* Assets.xcassets in Resources */,
				F05E680525E2C9B00040C8A1 /* PantonDemo-BlackItalic.ttf in Resources */,
				F008C4F62606573A00A5E015 /* GoogleService-Info.plist in Resources */,
			);
			runOnlyForDeploymentPostprocessing = 0;
		};
		F07F226925E2C07C0064CC7E /* Resources */ = {
			isa = PBXResourcesBuildPhase;
			buildActionMask = 2147483647;
			files = (
			);
			runOnlyForDeploymentPostprocessing = 0;
		};
		F07F227425E2C07C0064CC7E /* Resources */ = {
			isa = PBXResourcesBuildPhase;
			buildActionMask = 2147483647;
			files = (
			);
			runOnlyForDeploymentPostprocessing = 0;
		};
/* End PBXResourcesBuildPhase section */

/* Begin PBXShellScriptBuildPhase section */
		006F5A5325A60DB211A57E52 /* [CP] Check Pods Manifest.lock */ = {
			isa = PBXShellScriptBuildPhase;
			buildActionMask = 2147483647;
			files = (
			);
			inputFileListPaths = (
			);
			inputPaths = (
				"${PODS_PODFILE_DIR_PATH}/Podfile.lock",
				"${PODS_ROOT}/Manifest.lock",
			);
			name = "[CP] Check Pods Manifest.lock";
			outputFileListPaths = (
			);
			outputPaths = (
				"$(DERIVED_FILE_DIR)/Pods-games-checkManifestLockResult.txt",
			);
			runOnlyForDeploymentPostprocessing = 0;
			shellPath = /bin/sh;
			shellScript = "diff \"${PODS_PODFILE_DIR_PATH}/Podfile.lock\" \"${PODS_ROOT}/Manifest.lock\" > /dev/null\nif [ $? != 0 ] ; then\n    # print error to STDERR\n    echo \"error: The sandbox is not in sync with the Podfile.lock. Run 'pod install' or update your CocoaPods installation.\" >&2\n    exit 1\nfi\n# This output is used by Xcode 'outputs' to avoid re-running this script phase.\necho \"SUCCESS\" > \"${SCRIPT_OUTPUT_FILE_0}\"\n";
			showEnvVarsInLog = 0;
		};
		299EA73C57CEA820C4749502 /* [CP] Embed Pods Frameworks */ = {
			isa = PBXShellScriptBuildPhase;
			buildActionMask = 2147483647;
			files = (
			);
			inputFileListPaths = (
				"${PODS_ROOT}/Target Support Files/Pods-games-gamesUITests/Pods-games-gamesUITests-frameworks-${CONFIGURATION}-input-files.xcfilelist",
			);
			name = "[CP] Embed Pods Frameworks";
			outputFileListPaths = (
				"${PODS_ROOT}/Target Support Files/Pods-games-gamesUITests/Pods-games-gamesUITests-frameworks-${CONFIGURATION}-output-files.xcfilelist",
			);
			runOnlyForDeploymentPostprocessing = 0;
			shellPath = /bin/sh;
			shellScript = "\"${PODS_ROOT}/Target Support Files/Pods-games-gamesUITests/Pods-games-gamesUITests-frameworks.sh\"\n";
			showEnvVarsInLog = 0;
		};
		39C288C71C0F59B8427A32DE /* [CP] Check Pods Manifest.lock */ = {
			isa = PBXShellScriptBuildPhase;
			buildActionMask = 2147483647;
			files = (
			);
			inputFileListPaths = (
			);
			inputPaths = (
				"${PODS_PODFILE_DIR_PATH}/Podfile.lock",
				"${PODS_ROOT}/Manifest.lock",
			);
			name = "[CP] Check Pods Manifest.lock";
			outputFileListPaths = (
			);
			outputPaths = (
				"$(DERIVED_FILE_DIR)/Pods-games-gamesUITests-checkManifestLockResult.txt",
			);
			runOnlyForDeploymentPostprocessing = 0;
			shellPath = /bin/sh;
			shellScript = "diff \"${PODS_PODFILE_DIR_PATH}/Podfile.lock\" \"${PODS_ROOT}/Manifest.lock\" > /dev/null\nif [ $? != 0 ] ; then\n    # print error to STDERR\n    echo \"error: The sandbox is not in sync with the Podfile.lock. Run 'pod install' or update your CocoaPods installation.\" >&2\n    exit 1\nfi\n# This output is used by Xcode 'outputs' to avoid re-running this script phase.\necho \"SUCCESS\" > \"${SCRIPT_OUTPUT_FILE_0}\"\n";
			showEnvVarsInLog = 0;
		};
		833B00B8F6BF91A751816BA8 /* [CP] Check Pods Manifest.lock */ = {
			isa = PBXShellScriptBuildPhase;
			buildActionMask = 2147483647;
			files = (
			);
			inputFileListPaths = (
			);
			inputPaths = (
				"${PODS_PODFILE_DIR_PATH}/Podfile.lock",
				"${PODS_ROOT}/Manifest.lock",
			);
			name = "[CP] Check Pods Manifest.lock";
			outputFileListPaths = (
			);
			outputPaths = (
				"$(DERIVED_FILE_DIR)/Pods-gamesTests-checkManifestLockResult.txt",
			);
			runOnlyForDeploymentPostprocessing = 0;
			shellPath = /bin/sh;
			shellScript = "diff \"${PODS_PODFILE_DIR_PATH}/Podfile.lock\" \"${PODS_ROOT}/Manifest.lock\" > /dev/null\nif [ $? != 0 ] ; then\n    # print error to STDERR\n    echo \"error: The sandbox is not in sync with the Podfile.lock. Run 'pod install' or update your CocoaPods installation.\" >&2\n    exit 1\nfi\n# This output is used by Xcode 'outputs' to avoid re-running this script phase.\necho \"SUCCESS\" > \"${SCRIPT_OUTPUT_FILE_0}\"\n";
			showEnvVarsInLog = 0;
		};
		EF4F3F49694CBB44663B85DF /* [CP] Embed Pods Frameworks */ = {
			isa = PBXShellScriptBuildPhase;
			buildActionMask = 2147483647;
			files = (
			);
			inputFileListPaths = (
				"${PODS_ROOT}/Target Support Files/Pods-games/Pods-games-frameworks-${CONFIGURATION}-input-files.xcfilelist",
			);
			name = "[CP] Embed Pods Frameworks";
			outputFileListPaths = (
				"${PODS_ROOT}/Target Support Files/Pods-games/Pods-games-frameworks-${CONFIGURATION}-output-files.xcfilelist",
			);
			runOnlyForDeploymentPostprocessing = 0;
			shellPath = /bin/sh;
			shellScript = "\"${PODS_ROOT}/Target Support Files/Pods-games/Pods-games-frameworks.sh\"\n";
			showEnvVarsInLog = 0;
		};
/* End PBXShellScriptBuildPhase section */

/* Begin PBXSourcesBuildPhase section */
		F07F225125E2C07B0064CC7E /* Sources */ = {
			isa = PBXSourcesBuildPhase;
			buildActionMask = 2147483647;
			files = (
				F016F8512606122A008623D3 /* QuizScorePresenter.swift in Sources */,
				F03A9C72260525B700CA8A21 /* QuizDataSourceProtocol.swift in Sources */,
				F03A9C77260525C000CA8A21 /* QuizDataSource.swift in Sources */,
				F05E683125E2CFAB0040C8A1 /* AppDependencies.swift in Sources */,
				F03A9C4126050A3B00CA8A21 /* QuizCoordinator.swift in Sources */,
				F008C53D2606628500A5E015 /* UserRepositoryProtocol.swift in Sources */,
				F05E685A25E2DDC30040C8A1 /* UIImage+Images.swift in Sources */,
				F07F225925E2C07B0064CC7E /* AppDelegate.swift in Sources */,
				F07F225B25E2C07B0064CC7E /* SceneDelegate.swift in Sources */,
				F03A9C24260502A500CA8A21 /* QuizModel.swift in Sources */,
				F03A9BD72604DED300CA8A21 /* MainMenuCoordinator.swift in Sources */,
				F03A9C462605120800CA8A21 /* QuizCategoriesHeaderCell.swift in Sources */,
				F03A9BE42604E2F200CA8A21 /* MainMenuPresenter.swift in Sources */,
				F008C532260660C900A5E015 /* UserDataSourceProtocol.swift in Sources */,
				F008C537260660D000A5E015 /* UserDataSource.swift in Sources */,
				F05E682525E2CE330040C8A1 /* Coordinator.swift in Sources */,
				F05E683E25E2D2800040C8A1 /* BaseViewController.swift in Sources */,
				F03A9CA52605328500CA8A21 /* QuizQuestionPresenterProtocol.swift in Sources */,
				F05E685225E2D85B0040C8A1 /* AppCoordinator.swift in Sources */,
				F03A9C812605289E00CA8A21 /* QuizRepositoryProtocol.swift in Sources */,
				F03A9C3C2605083200CA8A21 /* QuizCategoriesCell.swift in Sources */,
				F016F8532606122A008623D3 /* QuizScoreViewController.swift in Sources */,
				F05E683925E2CFE00040C8A1 /* HomeDependencies.swift in Sources */,
				F03A9C6D2605252F00CA8A21 /* SessionQuizDataSource.swift in Sources */,
				F03A9CA02605327A00CA8A21 /* QuizQuestionPresenter.swift in Sources */,
				F03A9C4B260516DE00CA8A21 /* UIView+Style.swift in Sources */,
				F008C5452606628D00A5E015 /* UserRepository.swift in Sources */,
				F05E681325E2CBC90040C8A1 /* UIFont+Fonts.swift in Sources */,
				F008C4D226062B7F00A5E015 /* ProgressStepBar.swift in Sources */,
				F05E686A25E2EA0F0040C8A1 /* UIColor+Colors.swift in Sources */,
				F05E682B25E2CE8E0040C8A1 /* HomeCoordinator.swift in Sources */,
				F03A9BCF2604DD3400CA8A21 /* MainMenuCell.swift in Sources */,
				F03A9BC92604DA2100CA8A21 /* MainMenuViewController.swift in Sources */,
				F05E684D25E2D4FE0040C8A1 /* HomePresenter.swift in Sources */,
				F016F8522606122A008623D3 /* QuizScorePresenterProtocol.swift in Sources */,
				F03A9C86260528A900CA8A21 /* QuizRepository.swift in Sources */,
				F05E684825E2D4380040C8A1 /* HomePresenterProtocol.swift in Sources */,
				F008C5532606646300A5E015 /* UserInteractor.swift in Sources */,
				F03A9C632605196700CA8A21 /* QuizDependencies.swift in Sources */,
				F008C54B2606645B00A5E015 /* UserInteractorProtocol.swift in Sources */,
				F05E67F625E2C33D0040C8A1 /* HomeViewController.swift in Sources */,
				F05E686225E2E72C0040C8A1 /* UserModel.swift in Sources */,
				F008C52926065FE700A5E015 /* SessionUserDataSource.swift in Sources */,
				F03A9C7C260525F500CA8A21 /* DataSource.swift in Sources */,
				F03A9C9326052B5400CA8A21 /* QuizInteractor.swift in Sources */,
				F03A9C8E26052B4B00CA8A21 /* QuizInteractorProtocol.swift in Sources */,
				F03A9BDF2604DF5B00CA8A21 /* MainMenuDependencies.swift in Sources */,
				F03A9BE92604E30600CA8A21 /* MainMenuPresenterProtocol.swift in Sources */,
				F05E684325E2D3A10040C8A1 /* BasePresenter.swift in Sources */,
				F008C50E2606598A00A5E015 /* FirebaseManager.swift in Sources */,
				F03A9C5A260517DD00CA8A21 /* QuizCategoriesPresenter.swift in Sources */,
				F03A9C302605073300CA8A21 /* QuizCategoriesViewController.swift in Sources */,
				F03A9C9B26052F1400CA8A21 /* QuizQuestionViewController.swift in Sources */,
				F03A9C55260517D300CA8A21 /* QuizCategoriesPresenterProtocol.swift in Sources */,
			);
			runOnlyForDeploymentPostprocessing = 0;
		};
		F07F226725E2C07C0064CC7E /* Sources */ = {
			isa = PBXSourcesBuildPhase;
			buildActionMask = 2147483647;
			files = (
				F07F227025E2C07C0064CC7E /* gamesTests.swift in Sources */,
			);
			runOnlyForDeploymentPostprocessing = 0;
		};
		F07F227225E2C07C0064CC7E /* Sources */ = {
			isa = PBXSourcesBuildPhase;
			buildActionMask = 2147483647;
			files = (
				F07F227B25E2C07C0064CC7E /* gamesUITests.swift in Sources */,
			);
			runOnlyForDeploymentPostprocessing = 0;
		};
/* End PBXSourcesBuildPhase section */

/* Begin PBXTargetDependency section */
		F07F226D25E2C07C0064CC7E /* PBXTargetDependency */ = {
			isa = PBXTargetDependency;
			target = F07F225425E2C07B0064CC7E /* games */;
			targetProxy = F07F226C25E2C07C0064CC7E /* PBXContainerItemProxy */;
		};
		F07F227825E2C07C0064CC7E /* PBXTargetDependency */ = {
			isa = PBXTargetDependency;
			target = F07F225425E2C07B0064CC7E /* games */;
			targetProxy = F07F227725E2C07C0064CC7E /* PBXContainerItemProxy */;
		};
/* End PBXTargetDependency section */

/* Begin PBXVariantGroup section */
		F07F226325E2C07C0064CC7E /* LaunchScreen.storyboard */ = {
			isa = PBXVariantGroup;
			children = (
				F07F226425E2C07C0064CC7E /* Base */,
			);
			name = LaunchScreen.storyboard;
			sourceTree = "<group>";
		};
/* End PBXVariantGroup section */

/* Begin XCBuildConfiguration section */
		F07F227D25E2C07C0064CC7E /* Debug */ = {
			isa = XCBuildConfiguration;
			buildSettings = {
				ALWAYS_SEARCH_USER_PATHS = NO;
				CLANG_ANALYZER_NONNULL = YES;
				CLANG_ANALYZER_NUMBER_OBJECT_CONVERSION = YES_AGGRESSIVE;
				CLANG_CXX_LANGUAGE_STANDARD = "gnu++14";
				CLANG_CXX_LIBRARY = "libc++";
				CLANG_ENABLE_MODULES = YES;
				CLANG_ENABLE_OBJC_ARC = YES;
				CLANG_ENABLE_OBJC_WEAK = YES;
				CLANG_WARN_BLOCK_CAPTURE_AUTORELEASING = YES;
				CLANG_WARN_BOOL_CONVERSION = YES;
				CLANG_WARN_COMMA = YES;
				CLANG_WARN_CONSTANT_CONVERSION = YES;
				CLANG_WARN_DEPRECATED_OBJC_IMPLEMENTATIONS = YES;
				CLANG_WARN_DIRECT_OBJC_ISA_USAGE = YES_ERROR;
				CLANG_WARN_DOCUMENTATION_COMMENTS = YES;
				CLANG_WARN_EMPTY_BODY = YES;
				CLANG_WARN_ENUM_CONVERSION = YES;
				CLANG_WARN_INFINITE_RECURSION = YES;
				CLANG_WARN_INT_CONVERSION = YES;
				CLANG_WARN_NON_LITERAL_NULL_CONVERSION = YES;
				CLANG_WARN_OBJC_IMPLICIT_RETAIN_SELF = YES;
				CLANG_WARN_OBJC_LITERAL_CONVERSION = YES;
				CLANG_WARN_OBJC_ROOT_CLASS = YES_ERROR;
				CLANG_WARN_QUOTED_INCLUDE_IN_FRAMEWORK_HEADER = YES;
				CLANG_WARN_RANGE_LOOP_ANALYSIS = YES;
				CLANG_WARN_STRICT_PROTOTYPES = YES;
				CLANG_WARN_SUSPICIOUS_MOVE = YES;
				CLANG_WARN_UNGUARDED_AVAILABILITY = YES_AGGRESSIVE;
				CLANG_WARN_UNREACHABLE_CODE = YES;
				CLANG_WARN__DUPLICATE_METHOD_MATCH = YES;
				COPY_PHASE_STRIP = NO;
				DEBUG_INFORMATION_FORMAT = dwarf;
				ENABLE_STRICT_OBJC_MSGSEND = YES;
				ENABLE_TESTABILITY = YES;
				GCC_C_LANGUAGE_STANDARD = gnu11;
				GCC_DYNAMIC_NO_PIC = NO;
				GCC_NO_COMMON_BLOCKS = YES;
				GCC_OPTIMIZATION_LEVEL = 0;
				GCC_PREPROCESSOR_DEFINITIONS = (
					"DEBUG=1",
					"$(inherited)",
				);
				GCC_WARN_64_TO_32_BIT_CONVERSION = YES;
				GCC_WARN_ABOUT_RETURN_TYPE = YES_ERROR;
				GCC_WARN_UNDECLARED_SELECTOR = YES;
				GCC_WARN_UNINITIALIZED_AUTOS = YES_AGGRESSIVE;
				GCC_WARN_UNUSED_FUNCTION = YES;
				GCC_WARN_UNUSED_VARIABLE = YES;
				IPHONEOS_DEPLOYMENT_TARGET = 14.1;
				MTL_ENABLE_DEBUG_INFO = INCLUDE_SOURCE;
				MTL_FAST_MATH = YES;
				ONLY_ACTIVE_ARCH = YES;
				SDKROOT = iphoneos;
				SWIFT_ACTIVE_COMPILATION_CONDITIONS = DEBUG;
				SWIFT_OPTIMIZATION_LEVEL = "-Onone";
			};
			name = Debug;
		};
		F07F227E25E2C07C0064CC7E /* Release */ = {
			isa = XCBuildConfiguration;
			buildSettings = {
				ALWAYS_SEARCH_USER_PATHS = NO;
				CLANG_ANALYZER_NONNULL = YES;
				CLANG_ANALYZER_NUMBER_OBJECT_CONVERSION = YES_AGGRESSIVE;
				CLANG_CXX_LANGUAGE_STANDARD = "gnu++14";
				CLANG_CXX_LIBRARY = "libc++";
				CLANG_ENABLE_MODULES = YES;
				CLANG_ENABLE_OBJC_ARC = YES;
				CLANG_ENABLE_OBJC_WEAK = YES;
				CLANG_WARN_BLOCK_CAPTURE_AUTORELEASING = YES;
				CLANG_WARN_BOOL_CONVERSION = YES;
				CLANG_WARN_COMMA = YES;
				CLANG_WARN_CONSTANT_CONVERSION = YES;
				CLANG_WARN_DEPRECATED_OBJC_IMPLEMENTATIONS = YES;
				CLANG_WARN_DIRECT_OBJC_ISA_USAGE = YES_ERROR;
				CLANG_WARN_DOCUMENTATION_COMMENTS = YES;
				CLANG_WARN_EMPTY_BODY = YES;
				CLANG_WARN_ENUM_CONVERSION = YES;
				CLANG_WARN_INFINITE_RECURSION = YES;
				CLANG_WARN_INT_CONVERSION = YES;
				CLANG_WARN_NON_LITERAL_NULL_CONVERSION = YES;
				CLANG_WARN_OBJC_IMPLICIT_RETAIN_SELF = YES;
				CLANG_WARN_OBJC_LITERAL_CONVERSION = YES;
				CLANG_WARN_OBJC_ROOT_CLASS = YES_ERROR;
				CLANG_WARN_QUOTED_INCLUDE_IN_FRAMEWORK_HEADER = YES;
				CLANG_WARN_RANGE_LOOP_ANALYSIS = YES;
				CLANG_WARN_STRICT_PROTOTYPES = YES;
				CLANG_WARN_SUSPICIOUS_MOVE = YES;
				CLANG_WARN_UNGUARDED_AVAILABILITY = YES_AGGRESSIVE;
				CLANG_WARN_UNREACHABLE_CODE = YES;
				CLANG_WARN__DUPLICATE_METHOD_MATCH = YES;
				COPY_PHASE_STRIP = NO;
				DEBUG_INFORMATION_FORMAT = "dwarf-with-dsym";
				ENABLE_NS_ASSERTIONS = NO;
				ENABLE_STRICT_OBJC_MSGSEND = YES;
				GCC_C_LANGUAGE_STANDARD = gnu11;
				GCC_NO_COMMON_BLOCKS = YES;
				GCC_WARN_64_TO_32_BIT_CONVERSION = YES;
				GCC_WARN_ABOUT_RETURN_TYPE = YES_ERROR;
				GCC_WARN_UNDECLARED_SELECTOR = YES;
				GCC_WARN_UNINITIALIZED_AUTOS = YES_AGGRESSIVE;
				GCC_WARN_UNUSED_FUNCTION = YES;
				GCC_WARN_UNUSED_VARIABLE = YES;
				IPHONEOS_DEPLOYMENT_TARGET = 14.1;
				MTL_ENABLE_DEBUG_INFO = NO;
				MTL_FAST_MATH = YES;
				SDKROOT = iphoneos;
				SWIFT_COMPILATION_MODE = wholemodule;
				SWIFT_OPTIMIZATION_LEVEL = "-O";
				VALIDATE_PRODUCT = YES;
			};
			name = Release;
		};
		F07F228025E2C07C0064CC7E /* Debug */ = {
			isa = XCBuildConfiguration;
			baseConfigurationReference = 969B4EE04DB0CA9EFFBAB1C1 /* Pods-games.debug.xcconfig */;
			buildSettings = {
				ASSETCATALOG_COMPILER_APPICON_NAME = AppIcon;
				ASSETCATALOG_COMPILER_GLOBAL_ACCENT_COLOR_NAME = AccentColor;
				CODE_SIGN_STYLE = Automatic;
				DEVELOPMENT_ASSET_PATHS = "\"games/Preview Content\"";
				DEVELOPMENT_TEAM = 74F5A5SVZ5;
				ENABLE_PREVIEWS = YES;
				INFOPLIST_FILE = games/Info.plist;
				IPHONEOS_DEPLOYMENT_TARGET = 13.0;
				LD_RUNPATH_SEARCH_PATHS = (
					"$(inherited)",
					"@executable_path/Frameworks",
				);
				PRODUCT_BUNDLE_IDENTIFIER = leticia.games.com;
				PRODUCT_NAME = "$(TARGET_NAME)";
				SWIFT_VERSION = 5.0;
				TARGETED_DEVICE_FAMILY = "1,2";
			};
			name = Debug;
		};
		F07F228125E2C07C0064CC7E /* Release */ = {
			isa = XCBuildConfiguration;
			baseConfigurationReference = 4975433302EED7258679162F /* Pods-games.release.xcconfig */;
			buildSettings = {
				ASSETCATALOG_COMPILER_APPICON_NAME = AppIcon;
				ASSETCATALOG_COMPILER_GLOBAL_ACCENT_COLOR_NAME = AccentColor;
				CODE_SIGN_STYLE = Automatic;
				DEVELOPMENT_ASSET_PATHS = "\"games/Preview Content\"";
				DEVELOPMENT_TEAM = 74F5A5SVZ5;
				ENABLE_PREVIEWS = YES;
				INFOPLIST_FILE = games/Info.plist;
				IPHONEOS_DEPLOYMENT_TARGET = 13.0;
				LD_RUNPATH_SEARCH_PATHS = (
					"$(inherited)",
					"@executable_path/Frameworks",
				);
				PRODUCT_BUNDLE_IDENTIFIER = leticia.games.com;
				PRODUCT_NAME = "$(TARGET_NAME)";
				SWIFT_VERSION = 5.0;
				TARGETED_DEVICE_FAMILY = "1,2";
			};
			name = Release;
		};
		F07F228325E2C07C0064CC7E /* Debug */ = {
			isa = XCBuildConfiguration;
			baseConfigurationReference = 186C45339F0A59A29B5E3800 /* Pods-gamesTests.debug.xcconfig */;
			buildSettings = {
				ALWAYS_EMBED_SWIFT_STANDARD_LIBRARIES = YES;
				BUNDLE_LOADER = "$(TEST_HOST)";
				CODE_SIGN_STYLE = Automatic;
				DEVELOPMENT_TEAM = 74F5A5SVZ5;
				INFOPLIST_FILE = gamesTests/Info.plist;
				IPHONEOS_DEPLOYMENT_TARGET = 14.1;
				LD_RUNPATH_SEARCH_PATHS = (
					"$(inherited)",
					"@executable_path/Frameworks",
					"@loader_path/Frameworks",
				);
				PRODUCT_BUNDLE_IDENTIFIER = leticia.gamesTests;
				PRODUCT_NAME = "$(TARGET_NAME)";
				SWIFT_VERSION = 5.0;
				TARGETED_DEVICE_FAMILY = "1,2";
				TEST_HOST = "$(BUILT_PRODUCTS_DIR)/games.app/games";
			};
			name = Debug;
		};
		F07F228425E2C07C0064CC7E /* Release */ = {
			isa = XCBuildConfiguration;
			baseConfigurationReference = 62E252370EE8B945A7DC67E8 /* Pods-gamesTests.release.xcconfig */;
			buildSettings = {
				ALWAYS_EMBED_SWIFT_STANDARD_LIBRARIES = YES;
				BUNDLE_LOADER = "$(TEST_HOST)";
				CODE_SIGN_STYLE = Automatic;
				DEVELOPMENT_TEAM = 74F5A5SVZ5;
				INFOPLIST_FILE = gamesTests/Info.plist;
				IPHONEOS_DEPLOYMENT_TARGET = 14.1;
				LD_RUNPATH_SEARCH_PATHS = (
					"$(inherited)",
					"@executable_path/Frameworks",
					"@loader_path/Frameworks",
				);
				PRODUCT_BUNDLE_IDENTIFIER = leticia.gamesTests;
				PRODUCT_NAME = "$(TARGET_NAME)";
				SWIFT_VERSION = 5.0;
				TARGETED_DEVICE_FAMILY = "1,2";
				TEST_HOST = "$(BUILT_PRODUCTS_DIR)/games.app/games";
			};
			name = Release;
		};
		F07F228625E2C07C0064CC7E /* Debug */ = {
			isa = XCBuildConfiguration;
			baseConfigurationReference = 93D0B971B2F81BA3927537C3 /* Pods-games-gamesUITests.debug.xcconfig */;
			buildSettings = {
				ALWAYS_EMBED_SWIFT_STANDARD_LIBRARIES = YES;
				CODE_SIGN_STYLE = Automatic;
				DEVELOPMENT_TEAM = 74F5A5SVZ5;
				INFOPLIST_FILE = gamesUITests/Info.plist;
				LD_RUNPATH_SEARCH_PATHS = (
					"$(inherited)",
					"@executable_path/Frameworks",
					"@loader_path/Frameworks",
				);
				PRODUCT_BUNDLE_IDENTIFIER = leticia.gamesUITests;
				PRODUCT_NAME = "$(TARGET_NAME)";
				SWIFT_VERSION = 5.0;
				TARGETED_DEVICE_FAMILY = "1,2";
				TEST_TARGET_NAME = games;
			};
			name = Debug;
		};
		F07F228725E2C07C0064CC7E /* Release */ = {
			isa = XCBuildConfiguration;
			baseConfigurationReference = AC9E67DACD7E003A8C420B6A /* Pods-games-gamesUITests.release.xcconfig */;
			buildSettings = {
				ALWAYS_EMBED_SWIFT_STANDARD_LIBRARIES = YES;
				CODE_SIGN_STYLE = Automatic;
				DEVELOPMENT_TEAM = 74F5A5SVZ5;
				INFOPLIST_FILE = gamesUITests/Info.plist;
				LD_RUNPATH_SEARCH_PATHS = (
					"$(inherited)",
					"@executable_path/Frameworks",
					"@loader_path/Frameworks",
				);
				PRODUCT_BUNDLE_IDENTIFIER = leticia.gamesUITests;
				PRODUCT_NAME = "$(TARGET_NAME)";
				SWIFT_VERSION = 5.0;
				TARGETED_DEVICE_FAMILY = "1,2";
				TEST_TARGET_NAME = games;
			};
			name = Release;
		};
/* End XCBuildConfiguration section */

/* Begin XCConfigurationList section */
		F07F225025E2C07B0064CC7E /* Build configuration list for PBXProject "games" */ = {
			isa = XCConfigurationList;
			buildConfigurations = (
				F07F227D25E2C07C0064CC7E /* Debug */,
				F07F227E25E2C07C0064CC7E /* Release */,
			);
			defaultConfigurationIsVisible = 0;
			defaultConfigurationName = Release;
		};
		F07F227F25E2C07C0064CC7E /* Build configuration list for PBXNativeTarget "games" */ = {
			isa = XCConfigurationList;
			buildConfigurations = (
				F07F228025E2C07C0064CC7E /* Debug */,
				F07F228125E2C07C0064CC7E /* Release */,
			);
			defaultConfigurationIsVisible = 0;
			defaultConfigurationName = Release;
		};
		F07F228225E2C07C0064CC7E /* Build configuration list for PBXNativeTarget "gamesTests" */ = {
			isa = XCConfigurationList;
			buildConfigurations = (
				F07F228325E2C07C0064CC7E /* Debug */,
				F07F228425E2C07C0064CC7E /* Release */,
			);
			defaultConfigurationIsVisible = 0;
			defaultConfigurationName = Release;
		};
		F07F228525E2C07C0064CC7E /* Build configuration list for PBXNativeTarget "gamesUITests" */ = {
			isa = XCConfigurationList;
			buildConfigurations = (
				F07F228625E2C07C0064CC7E /* Debug */,
				F07F228725E2C07C0064CC7E /* Release */,
			);
			defaultConfigurationIsVisible = 0;
			defaultConfigurationName = Release;
		};
/* End XCConfigurationList section */
	};
	rootObject = F07F224D25E2C07B0064CC7E /* Project object */;
}
